// !$*UTF8*$!
{
	archiveVersion = 1;
	classes = {
	};
	objectVersion = 53;
	objects = {

/* Begin PBXBuildFile section */
		988E6C572ACF585D00939279 /* TodoModel.xcdatamodeld in Sources */ = {isa = PBXBuildFile; fileRef = 988E6C552ACF585D00939279 /* TodoModel.xcdatamodeld */; };
		988E6C5B2ACF971D00939279 /* CoreDataManager.swift in Sources */ = {isa = PBXBuildFile; fileRef = 988E6C5A2ACF971D00939279 /* CoreDataManager.swift */; };
		98F5983B2A840F250058919D /* AppDelegate.swift in Sources */ = {isa = PBXBuildFile; fileRef = 98F5983A2A840F250058919D /* AppDelegate.swift */; };
		98F598422A840F250058919D /* Main.storyboard in Resources */ = {isa = PBXBuildFile; fileRef = 98F598402A840F250058919D /* Main.storyboard */; };
		98F598442A840F310058919D /* Assets.xcassets in Resources */ = {isa = PBXBuildFile; fileRef = 98F598432A840F310058919D /* Assets.xcassets */; };
		98F598472A840F310058919D /* LaunchScreen.storyboard in Resources */ = {isa = PBXBuildFile; fileRef = 98F598452A840F310058919D /* LaunchScreen.storyboard */; };
		98F5984F2A84141E0058919D /* ToDosVC.swift in Sources */ = {isa = PBXBuildFile; fileRef = 98F5984E2A84141E0058919D /* ToDosVC.swift */; };
		98F598512A8424F20058919D /* ToDoCell.swift in Sources */ = {isa = PBXBuildFile; fileRef = 98F598502A8424F20058919D /* ToDoCell.swift */; };
		98F598532A842C120058919D /* Todo.swift in Sources */ = {isa = PBXBuildFile; fileRef = 98F598522A842C120058919D /* Todo.swift */; };
		98F598552A8447E50058919D /* ToDoDetailsVC.swift in Sources */ = {isa = PBXBuildFile; fileRef = 98F598542A8447E50058919D /* ToDoDetailsVC.swift */; };
		98F598572A847F010058919D /* NewToDoVC.swift in Sources */ = {isa = PBXBuildFile; fileRef = 98F598562A847F010058919D /* NewToDoVC.swift */; };
/* End PBXBuildFile section */

/* Begin PBXFileReference section */
		988E6C562ACF585D00939279 /* TodoModel.xcdatamodel */ = {isa = PBXFileReference; lastKnownFileType = wrapper.xcdatamodel; path = TodoModel.xcdatamodel; sourceTree = "<group>"; };
		988E6C5A2ACF971D00939279 /* CoreDataManager.swift */ = {isa = PBXFileReference; lastKnownFileType = sourcecode.swift; path = CoreDataManager.swift; sourceTree = "<group>"; };
		98F598372A840F250058919D /* TODO Application.app */ = {isa = PBXFileReference; explicitFileType = wrapper.application; includeInIndex = 0; path = "TODO Application.app"; sourceTree = BUILT_PRODUCTS_DIR; };
		98F5983A2A840F250058919D /* AppDelegate.swift */ = {isa = PBXFileReference; lastKnownFileType = sourcecode.swift; path = AppDelegate.swift; sourceTree = "<group>"; };
		98F598412A840F250058919D /* Base */ = {isa = PBXFileReference; lastKnownFileType = file.storyboard; name = Base; path = Base.lproj/Main.storyboard; sourceTree = "<group>"; };
		98F598432A840F310058919D /* Assets.xcassets */ = {isa = PBXFileReference; lastKnownFileType = folder.assetcatalog; path = Assets.xcassets; sourceTree = "<group>"; };
		98F598462A840F310058919D /* Base */ = {isa = PBXFileReference; lastKnownFileType = file.storyboard; name = Base; path = Base.lproj/LaunchScreen.storyboard; sourceTree = "<group>"; };
		98F598482A840F310058919D /* Info.plist */ = {isa = PBXFileReference; lastKnownFileType = text.plist.xml; path = Info.plist; sourceTree = "<group>"; };
		98F5984E2A84141E0058919D /* ToDosVC.swift */ = {isa = PBXFileReference; lastKnownFileType = sourcecode.swift; path = ToDosVC.swift; sourceTree = "<group>"; };
		98F598502A8424F20058919D /* ToDoCell.swift */ = {isa = PBXFileReference; lastKnownFileType = sourcecode.swift; path = ToDoCell.swift; sourceTree = "<group>"; };
		98F598522A842C120058919D /* Todo.swift */ = {isa = PBXFileReference; lastKnownFileType = sourcecode.swift; path = Todo.swift; sourceTree = "<group>"; };
		98F598542A8447E50058919D /* ToDoDetailsVC.swift */ = {isa = PBXFileReference; lastKnownFileType = sourcecode.swift; path = ToDoDetailsVC.swift; sourceTree = "<group>"; };
		98F598562A847F010058919D /* NewToDoVC.swift */ = {isa = PBXFileReference; lastKnownFileType = sourcecode.swift; path = NewToDoVC.swift; sourceTree = "<group>"; };
/* End PBXFileReference section */

/* Begin PBXFrameworksBuildPhase section */
		98F598342A840F250058919D /* Frameworks */ = {
			isa = PBXFrameworksBuildPhase;
			buildActionMask = 2147483647;
			files = (
			);
			runOnlyForDeploymentPostprocessing = 0;
		};
/* End PBXFrameworksBuildPhase section */

/* Begin PBXGroup section */
		988E6C5C2AD023A700939279 /* View Controllers */ = {
			isa = PBXGroup;
			children = (
				98F5984E2A84141E0058919D /* ToDosVC.swift */,
				98F598542A8447E50058919D /* ToDoDetailsVC.swift */,
				98F598562A847F010058919D /* NewToDoVC.swift */,
			);
			path = "View Controllers";
			sourceTree = "<group>";
		};
		988E6C5D2AD0240200939279 /* Views */ = {
			isa = PBXGroup;
			children = (
				98F598452A840F310058919D /* LaunchScreen.storyboard */,
				98F598402A840F250058919D /* Main.storyboard */,
				98F598502A8424F20058919D /* ToDoCell.swift */,
			);
			path = Views;
			sourceTree = "<group>";
		};
		988E6C5E2AD0244500939279 /* Models */ = {
			isa = PBXGroup;
			children = (
				98F598522A842C120058919D /* Todo.swift */,
			);
			path = Models;
			sourceTree = "<group>";
		};
		988E6C5F2AD0251D00939279 /* Local Storage */ = {
			isa = PBXGroup;
			children = (
				988E6C5A2ACF971D00939279 /* CoreDataManager.swift */,
				988E6C552ACF585D00939279 /* TodoModel.xcdatamodeld */,
			);
			path = "Local Storage";
			sourceTree = "<group>";
		};
		98F5982E2A840F250058919D = {
			isa = PBXGroup;
			children = (
				98F598392A840F250058919D /* TODO Application */,
				98F598382A840F250058919D /* Products */,
			);
			sourceTree = "<group>";
		};
		98F598382A840F250058919D /* Products */ = {
			isa = PBXGroup;
			children = (
				98F598372A840F250058919D /* TODO Application.app */,
			);
			name = Products;
			sourceTree = "<group>";
		};
		98F598392A840F250058919D /* TODO Application */ = {
			isa = PBXGroup;
			children = (
				98F5983A2A840F250058919D /* AppDelegate.swift */,
				98F598432A840F310058919D /* Assets.xcassets */,
				98F598482A840F310058919D /* Info.plist */,
				988E6C5E2AD0244500939279 /* Models */,
				988E6C5D2AD0240200939279 /* Views */,
				988E6C5C2AD023A700939279 /* View Controllers */,
				988E6C5F2AD0251D00939279 /* Local Storage */,
			);
			path = "TODO Application";
			sourceTree = "<group>";
		};
/* End PBXGroup section */

/* Begin PBXNativeTarget section */
		98F598362A840F250058919D /* TODO Application */ = {
			isa = PBXNativeTarget;
			buildConfigurationList = 98F5984B2A840F310058919D /* Build configuration list for PBXNativeTarget "TODO Application" */;
			buildPhases = (
				98F598332A840F250058919D /* Sources */,
				98F598342A840F250058919D /* Frameworks */,
				98F598352A840F250058919D /* Resources */,
			);
			buildRules = (
			);
			dependencies = (
			);
			name = "TODO Application";
			productName = "TODO Application";
			productReference = 98F598372A840F250058919D /* TODO Application.app */;
			productType = "com.apple.product-type.application";
		};
/* End PBXNativeTarget section */

/* Begin PBXProject section */
		98F5982F2A840F250058919D /* Project object */ = {
			isa = PBXProject;
			attributes = {
				BuildIndependentTargetsInParallel = 1;
				LastSwiftUpdateCheck = 1420;
				LastUpgradeCheck = 1420;
				TargetAttributes = {
					98F598362A840F250058919D = {
						CreatedOnToolsVersion = 14.2;
					};
				};
			};
			buildConfigurationList = 98F598322A840F250058919D /* Build configuration list for PBXProject "TODO Application" */;
			compatibilityVersion = "Xcode 9.3";
			developmentRegion = en;
			hasScannedForEncodings = 0;
			knownRegions = (
				en,
				Base,
			);
			mainGroup = 98F5982E2A840F250058919D;
			productRefGroup = 98F598382A840F250058919D /* Products */;
			projectDirPath = "";
			projectRoot = "";
			targets = (
				98F598362A840F250058919D /* TODO Application */,
			);
		};
/* End PBXProject section */

/* Begin PBXResourcesBuildPhase section */
		98F598352A840F250058919D /* Resources */ = {
			isa = PBXResourcesBuildPhase;
			buildActionMask = 2147483647;
			files = (
				98F598472A840F310058919D /* LaunchScreen.storyboard in Resources */,
				98F598442A840F310058919D /* Assets.xcassets in Resources */,
				98F598422A840F250058919D /* Main.storyboard in Resources */,
			);
			runOnlyForDeploymentPostprocessing = 0;
		};
/* End PBXResourcesBuildPhase section */

/* Begin PBXSourcesBuildPhase section */
		98F598332A840F250058919D /* Sources */ = {
			isa = PBXSourcesBuildPhase;
			buildActionMask = 2147483647;
			files = (
				98F5984F2A84141E0058919D /* ToDosVC.swift in Sources */,
				98F598512A8424F20058919D /* ToDoCell.swift in Sources */,
				988E6C5B2ACF971D00939279 /* CoreDataManager.swift in Sources */,
				98F598552A8447E50058919D /* ToDoDetailsVC.swift in Sources */,
				98F598572A847F010058919D /* NewToDoVC.swift in Sources */,
				988E6C572ACF585D00939279 /* TodoModel.xcdatamodeld in Sources */,
				98F5983B2A840F250058919D /* AppDelegate.swift in Sources */,
				98F598532A842C120058919D /* Todo.swift in Sources */,
			);
			runOnlyForDeploymentPostprocessing = 0;
		};
/* End PBXSourcesBuildPhase section */

/* Begin PBXVariantGroup section */
		98F598402A840F250058919D /* Main.storyboard */ = {
			isa = PBXVariantGroup;
			children = (
				98F598412A840F250058919D /* Base */,
			);
			name = Main.storyboard;
			sourceTree = "<group>";
		};
		98F598452A840F310058919D /* LaunchScreen.storyboard */ = {
			isa = PBXVariantGroup;
			children = (
				98F598462A840F310058919D /* Base */,
			);
			name = LaunchScreen.storyboard;
			sourceTree = "<group>";
		};
/* End PBXVariantGroup section */

/* Begin XCBuildConfiguration section */
		98F598492A840F310058919D /* Debug */ = {
			isa = XCBuildConfiguration;
			buildSettings = {
				ALWAYS_SEARCH_USER_PATHS = NO;
				CLANG_ANALYZER_NONNULL = YES;
				CLANG_ANALYZER_NUMBER_OBJECT_CONVERSION = YES_AGGRESSIVE;
				CLANG_CXX_LANGUAGE_STANDARD = "gnu++20";
				CLANG_ENABLE_MODULES = YES;
				CLANG_ENABLE_OBJC_ARC = YES;
				CLANG_ENABLE_OBJC_WEAK = YES;
				CLANG_WARN_BLOCK_CAPTURE_AUTORELEASING = YES;
				CLANG_WARN_BOOL_CONVERSION = YES;
				CLANG_WARN_COMMA = YES;
				CLANG_WARN_CONSTANT_CONVERSION = YES;
				CLANG_WARN_DEPRECATED_OBJC_IMPLEMENTATIONS = YES;
				CLANG_WARN_DIRECT_OBJC_ISA_USAGE = YES_ERROR;
				CLANG_WARN_DOCUMENTATION_COMMENTS = YES;
				CLANG_WARN_EMPTY_BODY = YES;
				CLANG_WARN_ENUM_CONVERSION = YES;
				CLANG_WARN_INFINITE_RECURSION = YES;
				CLANG_WARN_INT_CONVERSION = YES;
				CLANG_WARN_NON_LITERAL_NULL_CONVERSION = YES;
				CLANG_WARN_OBJC_IMPLICIT_RETAIN_SELF = YES;
				CLANG_WARN_OBJC_LITERAL_CONVERSION = YES;
				CLANG_WARN_OBJC_ROOT_CLASS = YES_ERROR;
				CLANG_WARN_QUOTED_INCLUDE_IN_FRAMEWORK_HEADER = YES;
				CLANG_WARN_RANGE_LOOP_ANALYSIS = YES;
				CLANG_WARN_STRICT_PROTOTYPES = YES;
				CLANG_WARN_SUSPICIOUS_MOVE = YES;
				CLANG_WARN_UNGUARDED_AVAILABILITY = YES_AGGRESSIVE;
				CLANG_WARN_UNREACHABLE_CODE = YES;
				CLANG_WARN__DUPLICATE_METHOD_MATCH = YES;
				COPY_PHASE_STRIP = NO;
				DEBUG_INFORMATION_FORMAT = dwarf;
				ENABLE_STRICT_OBJC_MSGSEND = YES;
				ENABLE_TESTABILITY = YES;
				GCC_C_LANGUAGE_STANDARD = gnu11;
				GCC_DYNAMIC_NO_PIC = NO;
				GCC_NO_COMMON_BLOCKS = YES;
				GCC_OPTIMIZATION_LEVEL = 0;
				GCC_PREPROCESSOR_DEFINITIONS = (
					"DEBUG=1",
					"$(inherited)",
				);
				GCC_WARN_64_TO_32_BIT_CONVERSION = YES;
				GCC_WARN_ABOUT_RETURN_TYPE = YES_ERROR;
				GCC_WARN_UNDECLARED_SELECTOR = YES;
				GCC_WARN_UNINITIALIZED_AUTOS = YES_AGGRESSIVE;
				GCC_WARN_UNUSED_FUNCTION = YES;
				GCC_WARN_UNUSED_VARIABLE = YES;
				IPHONEOS_DEPLOYMENT_TARGET = 16.2;
				MTL_ENABLE_DEBUG_INFO = INCLUDE_SOURCE;
				MTL_FAST_MATH = YES;
				ONLY_ACTIVE_ARCH = YES;
				SDKROOT = iphoneos;
				SWIFT_ACTIVE_COMPILATION_CONDITIONS = DEBUG;
				SWIFT_OPTIMIZATION_LEVEL = "-Onone";
			};
			name = Debug;
		};
		98F5984A2A840F310058919D /* Release */ = {
			isa = XCBuildConfiguration;
			buildSettings = {
				ALWAYS_SEARCH_USER_PATHS = NO;
				CLANG_ANALYZER_NONNULL = YES;
				CLANG_ANALYZER_NUMBER_OBJECT_CONVERSION = YES_AGGRESSIVE;
				CLANG_CXX_LANGUAGE_STANDARD = "gnu++20";
				CLANG_ENABLE_MODULES = YES;
				CLANG_ENABLE_OBJC_ARC = YES;
				CLANG_ENABLE_OBJC_WEAK = YES;
				CLANG_WARN_BLOCK_CAPTURE_AUTORELEASING = YES;
				CLANG_WARN_BOOL_CONVERSION = YES;
				CLANG_WARN_COMMA = YES;
				CLANG_WARN_CONSTANT_CONVERSION = YES;
				CLANG_WARN_DEPRECATED_OBJC_IMPLEMENTATIONS = YES;
				CLANG_WARN_DIRECT_OBJC_ISA_USAGE = YES_ERROR;
				CLANG_WARN_DOCUMENTATION_COMMENTS = YES;
				CLANG_WARN_EMPTY_BODY = YES;
				CLANG_WARN_ENUM_CONVERSION = YES;
				CLANG_WARN_INFINITE_RECURSION = YES;
				CLANG_WARN_INT_CONVERSION = YES;
				CLANG_WARN_NON_LITERAL_NULL_CONVERSION = YES;
				CLANG_WARN_OBJC_IMPLICIT_RETAIN_SELF = YES;
				CLANG_WARN_OBJC_LITERAL_CONVERSION = YES;
				CLANG_WARN_OBJC_ROOT_CLASS = YES_ERROR;
				CLANG_WARN_QUOTED_INCLUDE_IN_FRAMEWORK_HEADER = YES;
				CLANG_WARN_RANGE_LOOP_ANALYSIS = YES;
				CLANG_WARN_STRICT_PROTOTYPES = YES;
				CLANG_WARN_SUSPICIOUS_MOVE = YES;
				CLANG_WARN_UNGUARDED_AVAILABILITY = YES_AGGRESSIVE;
				CLANG_WARN_UNREACHABLE_CODE = YES;
				CLANG_WARN__DUPLICATE_METHOD_MATCH = YES;
				COPY_PHASE_STRIP = NO;
				DEBUG_INFORMATION_FORMAT = "dwarf-with-dsym";
				ENABLE_NS_ASSERTIONS = NO;
				ENABLE_STRICT_OBJC_MSGSEND = YES;
				GCC_C_LANGUAGE_STANDARD = gnu11;
				GCC_NO_COMMON_BLOCKS = YES;
				GCC_WARN_64_TO_32_BIT_CONVERSION = YES;
				GCC_WARN_ABOUT_RETURN_TYPE = YES_ERROR;
				GCC_WARN_UNDECLARED_SELECTOR = YES;
				GCC_WARN_UNINITIALIZED_AUTOS = YES_AGGRESSIVE;
				GCC_WARN_UNUSED_FUNCTION = YES;
				GCC_WARN_UNUSED_VARIABLE = YES;
				IPHONEOS_DEPLOYMENT_TARGET = 16.2;
				MTL_ENABLE_DEBUG_INFO = NO;
				MTL_FAST_MATH = YES;
				SDKROOT = iphoneos;
				SWIFT_COMPILATION_MODE = wholemodule;
				SWIFT_OPTIMIZATION_LEVEL = "-O";
				VALIDATE_PRODUCT = YES;
			};
			name = Release;
		};
		98F5984C2A840F310058919D /* Debug */ = {
			isa = XCBuildConfiguration;
			buildSettings = {
				ASSETCATALOG_COMPILER_APPICON_NAME = AppIcon;
				ASSETCATALOG_COMPILER_GLOBAL_ACCENT_COLOR_NAME = AccentColor;
				CODE_SIGN_STYLE = Automatic;
				CURRENT_PROJECT_VERSION = 1;
				GENERATE_INFOPLIST_FILE = YES;
				INFOPLIST_FILE = "TODO Application/Info.plist";
				INFOPLIST_KEY_UIApplicationSupportsIndirectInputEvents = YES;
				INFOPLIST_KEY_UILaunchStoryboardName = LaunchScreen;
				INFOPLIST_KEY_UIMainStoryboardFile = Main;
				INFOPLIST_KEY_UISupportedInterfaceOrientations = UIInterfaceOrientationPortrait;
				INFOPLIST_KEY_UISupportedInterfaceOrientations_iPad = "UIInterfaceOrientationLandscapeLeft UIInterfaceOrientationLandscapeRight UIInterfaceOrientationPortrait UIInterfaceOrientationPortraitUpsideDown";
				IPHONEOS_DEPLOYMENT_TARGET = 15.0;
				LD_RUNPATH_SEARCH_PATHS = (
					"$(inherited)",
					"@executable_path/Frameworks",
				);
				MARKETING_VERSION = 1.0;
				PRODUCT_BUNDLE_IDENTIFIER = "com.IDEAEG.TODO-Application";
				PRODUCT_NAME = "$(TARGET_NAME)";
				SUPPORTED_PLATFORMS = "iphoneos iphonesimulator";
				SUPPORTS_MACCATALYST = NO;
				SUPPORTS_MAC_DESIGNED_FOR_IPHONE_IPAD = NO;
				SWIFT_EMIT_LOC_STRINGS = YES;
				SWIFT_VERSION = 5.0;
				TARGETED_DEVICE_FAMILY = 1;
			};
			name = Debug;
		};
		98F5984D2A840F310058919D /* Release */ = {
			isa = XCBuildConfiguration;
			buildSettings = {
				ASSETCATALOG_COMPILER_APPICON_NAME = AppIcon;
				ASSETCATALOG_COMPILER_GLOBAL_ACCENT_COLOR_NAME = AccentColor;
				CODE_SIGN_STYLE = Automatic;
				CURRENT_PROJECT_VERSION = 1;
				GENERATE_INFOPLIST_FILE = YES;
				INFOPLIST_FILE = "TODO Application/Info.plist";
				INFOPLIST_KEY_UIApplicationSupportsIndirectInputEvents = YES;
				INFOPLIST_KEY_UILaunchStoryboardName = LaunchScreen;
				INFOPLIST_KEY_UIMainStoryboardFile = Main;
				INFOPLIST_KEY_UISupportedInterfaceOrientations = UIInterfaceOrientationPortrait;
				INFOPLIST_KEY_UISupportedInterfaceOrientations_iPad = "UIInterfaceOrientationLandscapeLeft UIInterfaceOrientationLandscapeRight UIInterfaceOrientationPortrait UIInterfaceOrientationPortraitUpsideDown";
				IPHONEOS_DEPLOYMENT_TARGET = 15.0;
				LD_RUNPATH_SEARCH_PATHS = (
					"$(inherited)",
					"@executable_path/Frameworks",
				);
				MARKETING_VERSION = 1.0;
				PRODUCT_BUNDLE_IDENTIFIER = "com.IDEAEG.TODO-Application";
				PRODUCT_NAME = "$(TARGET_NAME)";
				SUPPORTED_PLATFORMS = "iphoneos iphonesimulator";
				SUPPORTS_MACCATALYST = NO;
				SUPPORTS_MAC_DESIGNED_FOR_IPHONE_IPAD = NO;
				SWIFT_EMIT_LOC_STRINGS = YES;
				SWIFT_VERSION = 5.0;
				TARGETED_DEVICE_FAMILY = 1;
			};
			name = Release;
		};
/* End XCBuildConfiguration section */

/* Begin XCConfigurationList section */
		98F598322A840F250058919D /* Build configuration list for PBXProject "TODO Application" */ = {
			isa = XCConfigurationList;
			buildConfigurations = (
				98F598492A840F310058919D /* Debug */,
				98F5984A2A840F310058919D /* Release */,
			);
			defaultConfigurationIsVisible = 0;
			defaultConfigurationName = Release;
		};
		98F5984B2A840F310058919D /* Build configuration list for PBXNativeTarget "TODO Application" */ = {
			isa = XCConfigurationList;
			buildConfigurations = (
				98F5984C2A840F310058919D /* Debug */,
				98F5984D2A840F310058919D /* Release */,
			);
			defaultConfigurationIsVisible = 0;
			defaultConfigurationName = Release;
		};
/* End XCConfigurationList section */

/* Begin XCVersionGroup section */
		988E6C552ACF585D00939279 /* TodoModel.xcdatamodeld */ = {
			isa = XCVersionGroup;
			children = (
				988E6C562ACF585D00939279 /* TodoModel.xcdatamodel */,
			);
			currentVersion = 988E6C562ACF585D00939279 /* TodoModel.xcdatamodel */;
			path = TodoModel.xcdatamodeld;
			sourceTree = "<group>";
			versionGroupType = wrapper.xcdatamodel;
		};
/* End XCVersionGroup section */
	};
	rootObject = 98F5982F2A840F250058919D /* Project object */;
}
